
Microsoft Visual Studio Solution File, Format Version 12.00
# Visual Studio Version 17
VisualStudioVersion = 17.0.31903.59
MinimumVisualStudioVersion = 10.0.40219.1
Project("{FAE04EC0-301F-11D3-BF4B-00C04F79EFBC}") = "SystemIO2.1", "SystemIO2.1\SystemIO2.1.csproj", "{09AC2FD7-3022-4EDC-815F-725711A07F4B}"
EndProject
Global
	GlobalSection(SolutionConfigurationPlatforms) = preSolution
		Debug|Any CPU = Debug|Any CPU
		Release|Any CPU = Release|Any CPU
	EndGlobalSection
	GlobalSection(ProjectConfigurationPlatforms) = postSolution
		{09AC2FD7-3022-4EDC-815F-725711A07F4B}.Debug|Any CPU.ActiveCfg = Debug|Any CPU
		{09AC2FD7-3022-4EDC-815F-725711A07F4B}.Debug|Any CPU.Build.0 = Debug|Any CPU
		{09AC2FD7-3022-4EDC-815F-725711A07F4B}.Release|Any CPU.ActiveCfg = Release|Any CPU
		{09AC2FD7-3022-4EDC-815F-725711A07F4B}.Release|Any CPU.Build.0 = Release|Any CPU
	EndGlobalSection
	GlobalSection(SolutionProperties) = preSolution
		HideSolutionNode = FALSE
	EndGlobalSection
	GlobalSection(ExtensibilityGlobals) = postSolution
		SolutionGuid = {E41ADA1C-E610-4202-9615-07ABB51CC204}
	EndGlobalSection
EndGlobal
